
Microsoft Visual Studio Solution File, Format Version 12.00
# Visual Studio Version 17
VisualStudioVersion = 17.14.36518.9 d17.14
MinimumVisualStudioVersion = 10.0.40219.1
Project("{FAE04EC0-301F-11D3-BF4B-00C04F79EFBC}") = "SCP Foundation Catalogue", "SCP Foundation Catalogue\SCP Foundation Catalogue.csproj", "{4FA913FE-C6A8-4530-B5D9-12C2F7E20C68}"
EndProject
Global
	GlobalSection(SolutionConfigurationPlatforms) = preSolution
		Debug|Any CPU = Debug|Any CPU
		Release|Any CPU = Release|Any CPU
	EndGlobalSection
	GlobalSection(ProjectConfigurationPlatforms) = postSolution
		{4FA913FE-C6A8-4530-B5D9-12C2F7E20C68}.Debug|Any CPU.ActiveCfg = Debug|Any CPU
		{4FA913FE-C6A8-4530-B5D9-12C2F7E20C68}.Debug|Any CPU.Build.0 = Debug|Any CPU
		{4FA913FE-C6A8-4530-B5D9-12C2F7E20C68}.Release|Any CPU.ActiveCfg = Release|Any CPU
		{4FA913FE-C6A8-4530-B5D9-12C2F7E20C68}.Release|Any CPU.Build.0 = Release|Any CPU
	EndGlobalSection
	GlobalSection(SolutionProperties) = preSolution
		HideSolutionNode = FALSE
	EndGlobalSection
	GlobalSection(ExtensibilityGlobals) = postSolution
		SolutionGuid = {57DEC68E-7408-4063-AC91-B3B7079A38A4}
	EndGlobalSection
EndGlobal
